// !$*UTF8*$!
{
	archiveVersion = 1;
	classes = {
	};
	objectVersion = 50;
	objects = {

/* Begin PBXBuildFile section */
		58854B78217E358A001F190E /* AppDelegate.swift in Sources */ = {isa = PBXBuildFile; fileRef = 58854B77217E358A001F190E /* AppDelegate.swift */; };
		58854B7A217E358A001F190E /* ViewController.swift in Sources */ = {isa = PBXBuildFile; fileRef = 58854B79217E358A001F190E /* ViewController.swift */; };
		58854B7D217E358A001F190E /* Main.storyboard in Resources */ = {isa = PBXBuildFile; fileRef = 58854B7B217E358A001F190E /* Main.storyboard */; };
		58854B7F217E358A001F190E /* Assets.xcassets in Resources */ = {isa = PBXBuildFile; fileRef = 58854B7E217E358A001F190E /* Assets.xcassets */; };
		58854B82217E358A001F190E /* LaunchScreen.storyboard in Resources */ = {isa = PBXBuildFile; fileRef = 58854B80217E358A001F190E /* LaunchScreen.storyboard */; };
		58854B90217EBFD9001F190E /* DadJokesViewController.swift in Sources */ = {isa = PBXBuildFile; fileRef = 58854B8F217EBFD9001F190E /* DadJokesViewController.swift */; };
		58854B92217EC1BE001F190E /* RandomJokesViewController.swift in Sources */ = {isa = PBXBuildFile; fileRef = 58854B91217EC1BE001F190E /* RandomJokesViewController.swift */; };
		58854B94217EC2E5001F190E /* FunnyJokesViewController.swift in Sources */ = {isa = PBXBuildFile; fileRef = 58854B93217EC2E5001F190E /* FunnyJokesViewController.swift */; };
		58854B9A21803BED001F190E /* CustomViewController.swift in Sources */ = {isa = PBXBuildFile; fileRef = 58854B9921803BED001F190E /* CustomViewController.swift */; };
		58854B9C21803CAB001F190E /* PunchLine1ViewController.swift in Sources */ = {isa = PBXBuildFile; fileRef = 58854B9B21803CAB001F190E /* PunchLine1ViewController.swift */; };
		58854B9E21804365001F190E /* PunchLine2ViewController.swift in Sources */ = {isa = PBXBuildFile; fileRef = 58854B9D21804365001F190E /* PunchLine2ViewController.swift */; };
		58854BA021805B0B001F190E /* PunchLine3ViewController.swift in Sources */ = {isa = PBXBuildFile; fileRef = 58854B9F21805B0B001F190E /* PunchLine3ViewController.swift */; };
/* End PBXBuildFile section */

/* Begin PBXFileReference section */
		58854B74217E358A001F190E /* iKid.app */ = {isa = PBXFileReference; explicitFileType = wrapper.application; includeInIndex = 0; path = iKid.app; sourceTree = BUILT_PRODUCTS_DIR; };
		58854B77217E358A001F190E /* AppDelegate.swift */ = {isa = PBXFileReference; lastKnownFileType = sourcecode.swift; path = AppDelegate.swift; sourceTree = "<group>"; };
		58854B79217E358A001F190E /* ViewController.swift */ = {isa = PBXFileReference; lastKnownFileType = sourcecode.swift; path = ViewController.swift; sourceTree = "<group>"; };
		58854B7C217E358A001F190E /* Base */ = {isa = PBXFileReference; lastKnownFileType = file.storyboard; name = Base; path = Base.lproj/Main.storyboard; sourceTree = "<group>"; };
		58854B7E217E358A001F190E /* Assets.xcassets */ = {isa = PBXFileReference; lastKnownFileType = folder.assetcatalog; path = Assets.xcassets; sourceTree = "<group>"; };
		58854B81217E358A001F190E /* Base */ = {isa = PBXFileReference; lastKnownFileType = file.storyboard; name = Base; path = Base.lproj/LaunchScreen.storyboard; sourceTree = "<group>"; };
		58854B83217E358A001F190E /* Info.plist */ = {isa = PBXFileReference; lastKnownFileType = text.plist.xml; path = Info.plist; sourceTree = "<group>"; };
		58854B8F217EBFD9001F190E /* DadJokesViewController.swift */ = {isa = PBXFileReference; lastKnownFileType = sourcecode.swift; path = DadJokesViewController.swift; sourceTree = "<group>"; };
		58854B91217EC1BE001F190E /* RandomJokesViewController.swift */ = {isa = PBXFileReference; lastKnownFileType = sourcecode.swift; path = RandomJokesViewController.swift; sourceTree = "<group>"; };
		58854B93217EC2E5001F190E /* FunnyJokesViewController.swift */ = {isa = PBXFileReference; lastKnownFileType = sourcecode.swift; path = FunnyJokesViewController.swift; sourceTree = "<group>"; };
		58854B9921803BED001F190E /* CustomViewController.swift */ = {isa = PBXFileReference; lastKnownFileType = sourcecode.swift; path = CustomViewController.swift; sourceTree = "<group>"; };
		58854B9B21803CAB001F190E /* PunchLine1ViewController.swift */ = {isa = PBXFileReference; lastKnownFileType = sourcecode.swift; path = PunchLine1ViewController.swift; sourceTree = "<group>"; };
		58854B9D21804365001F190E /* PunchLine2ViewController.swift */ = {isa = PBXFileReference; lastKnownFileType = sourcecode.swift; path = PunchLine2ViewController.swift; sourceTree = "<group>"; };
		58854B9F21805B0B001F190E /* PunchLine3ViewController.swift */ = {isa = PBXFileReference; lastKnownFileType = sourcecode.swift; path = PunchLine3ViewController.swift; sourceTree = "<group>"; };
/* End PBXFileReference section */

/* Begin PBXFrameworksBuildPhase section */
		58854B71217E358A001F190E /* Frameworks */ = {
			isa = PBXFrameworksBuildPhase;
			buildActionMask = 2147483647;
			files = (
			);
			runOnlyForDeploymentPostprocessing = 0;
		};
/* End PBXFrameworksBuildPhase section */

/* Begin PBXGroup section */
		58854B6B217E358A001F190E = {
			isa = PBXGroup;
			children = (
				58854B76217E358A001F190E /* iKid */,
				58854B75217E358A001F190E /* Products */,
			);
			sourceTree = "<group>";
		};
		58854B75217E358A001F190E /* Products */ = {
			isa = PBXGroup;
			children = (
				58854B74217E358A001F190E /* iKid.app */,
			);
			name = Products;
			sourceTree = "<group>";
		};
		58854B76217E358A001F190E /* iKid */ = {
			isa = PBXGroup;
			children = (
				58854B96218026EF001F190E /* PunchLineControllers */,
				58854B77217E358A001F190E /* AppDelegate.swift */,
				58854B79217E358A001F190E /* ViewController.swift */,
				58854B7B217E358A001F190E /* Main.storyboard */,
				58854B7E217E358A001F190E /* Assets.xcassets */,
				58854B80217E358A001F190E /* LaunchScreen.storyboard */,
				58854B83217E358A001F190E /* Info.plist */,
				58854B9521802680001F190E /* JokeViewControllers */,
				58854B9921803BED001F190E /* CustomViewController.swift */,
			);
			path = iKid;
			sourceTree = "<group>";
		};
		58854B9521802680001F190E /* JokeViewControllers */ = {
			isa = PBXGroup;
			children = (
				58854B8F217EBFD9001F190E /* DadJokesViewController.swift */,
				58854B91217EC1BE001F190E /* RandomJokesViewController.swift */,
				58854B93217EC2E5001F190E /* FunnyJokesViewController.swift */,
			);
			path = JokeViewControllers;
			sourceTree = "<group>";
		};
		58854B96218026EF001F190E /* PunchLineControllers */ = {
			isa = PBXGroup;
			children = (
				58854B9B21803CAB001F190E /* PunchLine1ViewController.swift */,
				58854B9D21804365001F190E /* PunchLine2ViewController.swift */,
				58854B9F21805B0B001F190E /* PunchLine3ViewController.swift */,
			);
			path = PunchLineControllers;
			sourceTree = "<group>";
		};
/* End PBXGroup section */

/* Begin PBXNativeTarget section */
		58854B73217E358A001F190E /* iKid */ = {
			isa = PBXNativeTarget;
			buildConfigurationList = 58854B86217E358A001F190E /* Build configuration list for PBXNativeTarget "iKid" */;
			buildPhases = (
				58854B70217E358A001F190E /* Sources */,
				58854B71217E358A001F190E /* Frameworks */,
				58854B72217E358A001F190E /* Resources */,
			);
			buildRules = (
			);
			dependencies = (
			);
			name = iKid;
			productName = iKid;
			productReference = 58854B74217E358A001F190E /* iKid.app */;
			productType = "com.apple.product-type.application";
		};
/* End PBXNativeTarget section */

/* Begin PBXProject section */
		58854B6C217E358A001F190E /* Project object */ = {
			isa = PBXProject;
			attributes = {
				LastSwiftUpdateCheck = 1000;
				LastUpgradeCheck = 1000;
				ORGANIZATIONNAME = "Zubair Amjad";
				TargetAttributes = {
					58854B73217E358A001F190E = {
						CreatedOnToolsVersion = 10.0;
					};
				};
			};
			buildConfigurationList = 58854B6F217E358A001F190E /* Build configuration list for PBXProject "iKid" */;
			compatibilityVersion = "Xcode 9.3";
			developmentRegion = en;
			hasScannedForEncodings = 0;
			knownRegions = (
				en,
				Base,
			);
			mainGroup = 58854B6B217E358A001F190E;
			productRefGroup = 58854B75217E358A001F190E /* Products */;
			projectDirPath = "";
			projectRoot = "";
			targets = (
				58854B73217E358A001F190E /* iKid */,
			);
		};
/* End PBXProject section */

/* Begin PBXResourcesBuildPhase section */
		58854B72217E358A001F190E /* Resources */ = {
			isa = PBXResourcesBuildPhase;
			buildActionMask = 2147483647;
			files = (
				58854B82217E358A001F190E /* LaunchScreen.storyboard in Resources */,
				58854B7F217E358A001F190E /* Assets.xcassets in Resources */,
				58854B7D217E358A001F190E /* Main.storyboard in Resources */,
			);
			runOnlyForDeploymentPostprocessing = 0;
		};
/* End PBXResourcesBuildPhase section */

/* Begin PBXSourcesBuildPhase section */
		58854B70217E358A001F190E /* Sources */ = {
			isa = PBXSourcesBuildPhase;
			buildActionMask = 2147483647;
			files = (
				58854BA021805B0B001F190E /* PunchLine3ViewController.swift in Sources */,
				58854B9E21804365001F190E /* PunchLine2ViewController.swift in Sources */,
				58854B90217EBFD9001F190E /* DadJokesViewController.swift in Sources */,
				58854B9A21803BED001F190E /* CustomViewController.swift in Sources */,
				58854B7A217E358A001F190E /* ViewController.swift in Sources */,
				58854B92217EC1BE001F190E /* RandomJokesViewController.swift in Sources */,
				58854B9C21803CAB001F190E /* PunchLine1ViewController.swift in Sources */,
				58854B94217EC2E5001F190E /* FunnyJokesViewController.swift in Sources */,
				58854B78217E358A001F190E /* AppDelegate.swift in Sources */,
			);
			runOnlyForDeploymentPostprocessing = 0;
		};
/* End PBXSourcesBuildPhase section */

/* Begin PBXVariantGroup section */
		58854B7B217E358A001F190E /* Main.storyboard */ = {
			isa = PBXVariantGroup;
			children = (
				58854B7C217E358A001F190E /* Base */,
			);
			name = Main.storyboard;
			sourceTree = "<group>";
		};
		58854B80217E358A001F190E /* LaunchScreen.storyboard */ = {
			isa = PBXVariantGroup;
			children = (
				58854B81217E358A001F190E /* Base */,
			);
			name = LaunchScreen.storyboard;
			sourceTree = "<group>";
		};
/* End PBXVariantGroup section */

/* Begin XCBuildConfiguration section */
		58854B84217E358A001F190E /* Debug */ = {
			isa = XCBuildConfiguration;
			buildSettings = {
				ALWAYS_SEARCH_USER_PATHS = NO;
				CLANG_ANALYZER_NONNULL = YES;
				CLANG_ANALYZER_NUMBER_OBJECT_CONVERSION = YES_AGGRESSIVE;
				CLANG_CXX_LANGUAGE_STANDARD = "gnu++14";
				CLANG_CXX_LIBRARY = "libc++";
				CLANG_ENABLE_MODULES = YES;
				CLANG_ENABLE_OBJC_ARC = YES;
				CLANG_ENABLE_OBJC_WEAK = YES;
				CLANG_WARN_BLOCK_CAPTURE_AUTORELEASING = YES;
				CLANG_WARN_BOOL_CONVERSION = YES;
				CLANG_WARN_COMMA = YES;
				CLANG_WARN_CONSTANT_CONVERSION = YES;
				CLANG_WARN_DEPRECATED_OBJC_IMPLEMENTATIONS = YES;
				CLANG_WARN_DIRECT_OBJC_ISA_USAGE = YES_ERROR;
				CLANG_WARN_DOCUMENTATION_COMMENTS = YES;
				CLANG_WARN_EMPTY_BODY = YES;
				CLANG_WARN_ENUM_CONVERSION = YES;
				CLANG_WARN_INFINITE_RECURSION = YES;
				CLANG_WARN_INT_CONVERSION = YES;
				CLANG_WARN_NON_LITERAL_NULL_CONVERSION = YES;
				CLANG_WARN_OBJC_IMPLICIT_RETAIN_SELF = YES;
				CLANG_WARN_OBJC_LITERAL_CONVERSION = YES;
				CLANG_WARN_OBJC_ROOT_CLASS = YES_ERROR;
				CLANG_WARN_RANGE_LOOP_ANALYSIS = YES;
				CLANG_WARN_STRICT_PROTOTYPES = YES;
				CLANG_WARN_SUSPICIOUS_MOVE = YES;
				CLANG_WARN_UNGUARDED_AVAILABILITY = YES_AGGRESSIVE;
				CLANG_WARN_UNREACHABLE_CODE = YES;
				CLANG_WARN__DUPLICATE_METHOD_MATCH = YES;
				CODE_SIGN_IDENTITY = "iPhone Developer";
				COPY_PHASE_STRIP = NO;
				DEBUG_INFORMATION_FORMAT = dwarf;
				ENABLE_STRICT_OBJC_MSGSEND = YES;
				ENABLE_TESTABILITY = YES;
				GCC_C_LANGUAGE_STANDARD = gnu11;
				GCC_DYNAMIC_NO_PIC = NO;
				GCC_NO_COMMON_BLOCKS = YES;
				GCC_OPTIMIZATION_LEVEL = 0;
				GCC_PREPROCESSOR_DEFINITIONS = (
					"DEBUG=1",
					"$(inherited)",
				);
				GCC_WARN_64_TO_32_BIT_CONVERSION = YES;
				GCC_WARN_ABOUT_RETURN_TYPE = YES_ERROR;
				GCC_WARN_UNDECLARED_SELECTOR = YES;
				GCC_WARN_UNINITIALIZED_AUTOS = YES_AGGRESSIVE;
				GCC_WARN_UNUSED_FUNCTION = YES;
				GCC_WARN_UNUSED_VARIABLE = YES;
				IPHONEOS_DEPLOYMENT_TARGET = 12.0;
				MTL_ENABLE_DEBUG_INFO = INCLUDE_SOURCE;
				MTL_FAST_MATH = YES;
				ONLY_ACTIVE_ARCH = YES;
				SDKROOT = iphoneos;
				SWIFT_ACTIVE_COMPILATION_CONDITIONS = DEBUG;
				SWIFT_OPTIMIZATION_LEVEL = "-Onone";
			};
			name = Debug;
		};
		58854B85217E358A001F190E /* Release */ = {
			isa = XCBuildConfiguration;
			buildSettings = {
				ALWAYS_SEARCH_USER_PATHS = NO;
				CLANG_ANALYZER_NONNULL = YES;
				CLANG_ANALYZER_NUMBER_OBJECT_CONVERSION = YES_AGGRESSIVE;
				CLANG_CXX_LANGUAGE_STANDARD = "gnu++14";
				CLANG_CXX_LIBRARY = "libc++";
				CLANG_ENABLE_MODULES = YES;
				CLANG_ENABLE_OBJC_ARC = YES;
				CLANG_ENABLE_OBJC_WEAK = YES;
				CLANG_WARN_BLOCK_CAPTURE_AUTORELEASING = YES;
				CLANG_WARN_BOOL_CONVERSION = YES;
				CLANG_WARN_COMMA = YES;
				CLANG_WARN_CONSTANT_CONVERSION = YES;
				CLANG_WARN_DEPRECATED_OBJC_IMPLEMENTATIONS = YES;
				CLANG_WARN_DIRECT_OBJC_ISA_USAGE = YES_ERROR;
				CLANG_WARN_DOCUMENTATION_COMMENTS = YES;
				CLANG_WARN_EMPTY_BODY = YES;
				CLANG_WARN_ENUM_CONVERSION = YES;
				CLANG_WARN_INFINITE_RECURSION = YES;
				CLANG_WARN_INT_CONVERSION = YES;
				CLANG_WARN_NON_LITERAL_NULL_CONVERSION = YES;
				CLANG_WARN_OBJC_IMPLICIT_RETAIN_SELF = YES;
				CLANG_WARN_OBJC_LITERAL_CONVERSION = YES;
				CLANG_WARN_OBJC_ROOT_CLASS = YES_ERROR;
				CLANG_WARN_RANGE_LOOP_ANALYSIS = YES;
				CLANG_WARN_STRICT_PROTOTYPES = YES;
				CLANG_WARN_SUSPICIOUS_MOVE = YES;
				CLANG_WARN_UNGUARDED_AVAILABILITY = YES_AGGRESSIVE;
				CLANG_WARN_UNREACHABLE_CODE = YES;
				CLANG_WARN__DUPLICATE_METHOD_MATCH = YES;
				CODE_SIGN_IDENTITY = "iPhone Developer";
				COPY_PHASE_STRIP = NO;
				DEBUG_INFORMATION_FORMAT = "dwarf-with-dsym";
				ENABLE_NS_ASSERTIONS = NO;
				ENABLE_STRICT_OBJC_MSGSEND = YES;
				GCC_C_LANGUAGE_STANDARD = gnu11;
				GCC_NO_COMMON_BLOCKS = YES;
				GCC_WARN_64_TO_32_BIT_CONVERSION = YES;
				GCC_WARN_ABOUT_RETURN_TYPE = YES_ERROR;
				GCC_WARN_UNDECLARED_SELECTOR = YES;
				GCC_WARN_UNINITIALIZED_AUTOS = YES_AGGRESSIVE;
				GCC_WARN_UNUSED_FUNCTION = YES;
				GCC_WARN_UNUSED_VARIABLE = YES;
				IPHONEOS_DEPLOYMENT_TARGET = 12.0;
				MTL_ENABLE_DEBUG_INFO = NO;
				MTL_FAST_MATH = YES;
				SDKROOT = iphoneos;
				SWIFT_COMPILATION_MODE = wholemodule;
				SWIFT_OPTIMIZATION_LEVEL = "-O";
				VALIDATE_PRODUCT = YES;
			};
			name = Release;
		};
		58854B87217E358A001F190E /* Debug */ = {
			isa = XCBuildConfiguration;
			buildSettings = {
				ASSETCATALOG_COMPILER_APPICON_NAME = AppIcon;
				CODE_SIGN_STYLE = Automatic;
				DEVELOPMENT_TEAM = 9V3FMTYQCY;
				INFOPLIST_FILE = iKid/Info.plist;
				LD_RUNPATH_SEARCH_PATHS = (
					"$(inherited)",
					"@executable_path/Frameworks",
				);
				PRODUCT_BUNDLE_IDENTIFIER = edu.uw.amjadz.iKid;
				PRODUCT_NAME = "$(TARGET_NAME)";
				SWIFT_VERSION = 4.2;
				TARGETED_DEVICE_FAMILY = "1,2";
			};
			name = Debug;
		};
		58854B88217E358A001F190E /* Release */ = {
			isa = XCBuildConfiguration;
			buildSettings = {
				ASSETCATALOG_COMPILER_APPICON_NAME = AppIcon;
				CODE_SIGN_STYLE = Automatic;
				DEVELOPMENT_TEAM = 9V3FMTYQCY;
				INFOPLIST_FILE = iKid/Info.plist;
				LD_RUNPATH_SEARCH_PATHS = (
					"$(inherited)",
					"@executable_path/Frameworks",
				);
				PRODUCT_BUNDLE_IDENTIFIER = edu.uw.amjadz.iKid;
				PRODUCT_NAME = "$(TARGET_NAME)";
				SWIFT_VERSION = 4.2;
				TARGETED_DEVICE_FAMILY = "1,2";
			};
			name = Release;
		};
/* End XCBuildConfiguration section */

/* Begin XCConfigurationList section */
		58854B6F217E358A001F190E /* Build configuration list for PBXProject "iKid" */ = {
			isa = XCConfigurationList;
			buildConfigurations = (
				58854B84217E358A001F190E /* Debug */,
				58854B85217E358A001F190E /* Release */,
			);
			defaultConfigurationIsVisible = 0;
			defaultConfigurationName = Release;
		};
		58854B86217E358A001F190E /* Build configuration list for PBXNativeTarget "iKid" */ = {
			isa = XCConfigurationList;
			buildConfigurations = (
				58854B87217E358A001F190E /* Debug */,
				58854B88217E358A001F190E /* Release */,
			);
			defaultConfigurationIsVisible = 0;
			defaultConfigurationName = Release;
		};
/* End XCConfigurationList section */
	};
	rootObject = 58854B6C217E358A001F190E /* Project object */;
}
